# This file was autogenerated by Stack.
# You should not edit this file by hand.
# For more information, please see the documentation at:
#   https://docs.haskellstack.org/en/stable/lock_files

packages:
- completed:
    hackage: bloomfilter-2.0.1.0@sha256:5b67d765315fb2abc1cde85e3c20ae1badfbe8d1070ed57525b7c428586e2d2f,1728
    pantry-tree:
      size: 1081
      sha256: 30d79e4e95082a3af0fe83457bb29cffb637e240346dc2372cc34ede9f8f0ae8
  original:
    hackage: bloomfilter-2.0.1.0
- completed:
    subdir: merkle-patricia-tree
    name: merkle-patricia-tree
    version: 0.1.0
    git: https://github.com/input-output-hk/hydra-poc.git
    pantry-tree:
      size: 418
      sha256: 5c0b1570c5a88164c633b6fb6a48c4b9e6e2b755ad2fba27868b94e6a7601e1f
    commit: b07f0b00cea8584239a95a96f42e500e36d07de5
  original:
    subdir: merkle-patricia-tree
    git: https://github.com/input-output-hk/hydra-poc.git
    commit: b07f0b00cea8584239a95a96f42e500e36d07de5
snapshots:
- completed:
    size: 585392
    url: https://raw.githubusercontent.com/commercialhaskell/stackage-snapshots/master/lts/18/2.yaml
    sha256: 7abb45c0cc5eb349448b66d8753655542d45d387ad26970419282eab3d860724
  original: lts-18.2
