{
  "name": "node-test",
  "version": "0.3.0",
  "lockfileVersion": 3,
  "requires": true,
  "packages": {
    "": {
      "name": "node-test",
      "version": "0.3.0",
      "dependencies": {
        "@mithril-dev/mithril-client-wasm": "file:../"
      }
    },
    "..": {
      "name": "@mithril-dev/mithril-client-wasm",
      "version": "0.6.1",
      "license": "Apache-2.0"
    },
    "../dist": {
      "extraneous": true
    },
    "../dist/node": {
      "name": "mithril-client-wasm",
      "version": "0.6.1",
      "extraneous": true,
      "license": "Apache-2.0"
    },
    "node_modules/@mithril-dev/mithril-client-wasm": {
      "resolved": "..",
      "link": true
    }
  }
}
