# This file was autogenerated by Stack.
# You should not edit this file by hand.
# For more information, please see the documentation at:
#   https://docs.haskellstack.org/en/stable/lock_files

packages:
- completed:
    hackage: servant-0.16@sha256:d443fbb722bf559f0d9012eecc63f3f71e92ed0f0364c9b7692e9964213d1ddd,5834
    pantry-tree:
      size: 2604
      sha256: d14a4b9dc4f13fbf26a290d02ffbf22881ca2e8aaab89e6c427551845ead3049
  original:
    hackage: servant-0.16
- completed:
    hackage: servant-server-0.16@sha256:e9e21700ae4134f5f0c66dda39c78197f758f9282fdeb05f453196822fa9bb2c,5961
    pantry-tree:
      size: 2517
      sha256: 06447d2f61d16cb0d7d1817ebfd05931a541a9a86f9461dc9f5a88303a9e2d2d
  original:
    hackage: servant-server-0.16
- completed:
    hackage: servant-client-0.16@sha256:4ecac5a66b93c7a6062de0c480ffef850e6452fcbcb0894d7bba05ad9a3b4339,4395
    pantry-tree:
      size: 804
      sha256: 57928c4fbc480bf1b71fe40a25c3349d13347312566ff985822ad231566561e3
  original:
    hackage: servant-client-0.16
- completed:
    hackage: servant-client-core-0.16@sha256:34e28b8d59b0b61fb3c97fb61043583538016898604a67bfa3bb35f02d8e4d9c,3545
    pantry-tree:
      size: 1365
      sha256: d1a8c41b18e9648af8f1221c7747246ecde2a2ce2bae697c3c986f02a0caf857
  original:
    hackage: servant-client-core-0.16
snapshots:
- completed:
    size: 498167
    url: https://raw.githubusercontent.com/commercialhaskell/stackage-snapshots/master/lts/13/20.yaml
    sha256: cda928d57b257a5f17bcad796843c9daa674fef47d600dbea3aa7b0e49d64a11
  original: lts-13.20
