{
  "name": "client-wasm-nodejs",
  "version": "0.3.6",
  "lockfileVersion": 3,
  "requires": true,
  "packages": {
    "": {
      "name": "client-wasm-nodejs",
      "version": "0.3.6",
      "dependencies": {
        "@mithril-dev/mithril-client-wasm": "file:../../mithril-client-wasm"
      },
      "devDependencies": {
        "prettier": "^3.5.3"
      }
    },
    "../../mithril-client-wasm": {
      "name": "@mithril-dev/mithril-client-wasm",
      "version": "0.8.5",
      "license": "Apache-2.0"
    },
    "node_modules/@mithril-dev/mithril-client-wasm": {
      "resolved": "../../mithril-client-wasm",
      "link": true
    },
    "node_modules/prettier": {
      "version": "3.5.3",
      "resolved": "https://registry.npmjs.org/prettier/-/prettier-3.5.3.tgz",
      "integrity": "sha512-QQtaxnoDJeAkDvDKWCLiwIXkTgRhwYDEQCghU9Z6q03iyek/rxRh/2lC3HB7P8sWT2xC/y5JDctPLBIGzHKbhw==",
      "dev": true,
      "bin": {
        "prettier": "bin/prettier.cjs"
      },
      "engines": {
        "node": ">=14"
      },
      "funding": {
        "url": "https://github.com/prettier/prettier?sponsor=1"
      }
    }
  }
}
