{
  "name": "client-wasm-nodejs",
  "version": "0.3.18",
  "lockfileVersion": 3,
  "requires": true,
  "packages": {
    "": {
      "name": "client-wasm-nodejs",
      "version": "0.3.18",
      "dependencies": {
        "@mithril-dev/mithril-client-wasm": "file:../../mithril-client-wasm"
      },
      "devDependencies": {
        "prettier": "^3.9.4"
      }
    },
    "../../mithril-client-wasm": {
      "name": "@mithril-dev/mithril-client-wasm",
      "version": "0.10.7",
      "license": "Apache-2.0"
    },
    "node_modules/@mithril-dev/mithril-client-wasm": {
      "resolved": "../../mithril-client-wasm",
      "link": true
    },
    "node_modules/prettier": {
      "version": "3.9.4",
      "resolved": "https://registry.npmjs.org/prettier/-/prettier-3.9.4.tgz",
      "integrity": "sha512-yWG/o/4oJfo036EKAfK6ACAoDOfHeRHx4tuxkfBZiauURiaSmYwlpOr5LQqKtIkRD2z1PLteme2WoxEnj4tHTg==",
      "dev": true,
      "license": "MIT",
      "bin": {
        "prettier": "bin/prettier.cjs"
      },
      "engines": {
        "node": ">=14"
      },
      "funding": {
        "url": "https://github.com/prettier/prettier?sponsor=1"
      }
    }
  }
}
