{
  "name": "client-wasm-nodejs",
  "version": "0.3.5",
  "lockfileVersion": 3,
  "requires": true,
  "packages": {
    "": {
      "name": "client-wasm-nodejs",
      "version": "0.3.5",
      "dependencies": {
        "@mithril-dev/mithril-client-wasm": "file:../../mithril-client-wasm"
      },
      "devDependencies": {
        "prettier": "^3.4.2"
      }
    },
    "../../mithril-client-wasm": {
      "name": "@mithril-dev/mithril-client-wasm",
      "version": "0.7.7",
      "license": "Apache-2.0"
    },
    "node_modules/@mithril-dev/mithril-client-wasm": {
      "resolved": "../../mithril-client-wasm",
      "link": true
    },
    "node_modules/prettier": {
      "version": "3.4.2",
      "resolved": "https://registry.npmjs.org/prettier/-/prettier-3.4.2.tgz",
      "integrity": "sha512-e9MewbtFo+Fevyuxn/4rrcDAaq0IYxPGLvObpQjiZBMAzB9IGmzlnG9RZy3FFas+eBMu2vA0CszMeduow5dIuQ==",
      "dev": true,
      "bin": {
        "prettier": "bin/prettier.cjs"
      },
      "engines": {
        "node": ">=14"
      },
      "funding": {
        "url": "https://github.com/prettier/prettier?sponsor=1"
      }
    }
  }
}
